# THIS IS AN AUTOGENERATED FILE. DO NOT EDIT THIS FILE DIRECTLY.
# yarn lockfile v1


recoil-atom@../atom, "recoil-atom@file:../atom":
  version "1.0.0"
  dependencies:
    recoil-util "file:../../../../../Library/Caches/Yarn/v6/npm-recoil-atom-1.0.0-86e3d630-9d0f-4135-a6d3-84115dc92aca-1658533594971/node_modules/util"
    typescript-monads "^7.2.0"

"recoil-dom-component@file:../dom-component":
  version "1.0.0"
  dependencies:
    recoil-atom "file:../../../../../Library/Caches/Yarn/v6/npm-recoil-dom-component-1.0.0-bd709dbe-4479-49b7-82cc-4245a077c341-1658533594968/node_modules/atom"
    recoil-util "file:../../../../../Library/Caches/Yarn/v6/npm-recoil-dom-component-1.0.0-bd709dbe-4479-49b7-82cc-4245a077c341-1658533594968/node_modules/util"
    recoil-vdom "file:../../../../../Library/Caches/Yarn/v6/npm-recoil-dom-component-1.0.0-bd709dbe-4479-49b7-82cc-4245a077c341-1658533594968/node_modules/vdom"

recoil-dom-dsl@../dom-dsl:
  version "1.0.0"
  dependencies:
    recoil-dom-component "file:../../../../../Library/Caches/Yarn/v6/npm-recoil-dom-dsl-1.0.0-841075b4-e644-43a3-95d0-425ab2aebd95-1658533595013/node_modules/dom-component"
    recoil-vdom "file:../../../../../Library/Caches/Yarn/v6/npm-recoil-dom-dsl-1.0.0-841075b4-e644-43a3-95d0-425ab2aebd95-1658533595013/node_modules/vdom"

recoil-util@../util, "recoil-util@file:../util":
  version "1.0.0"

"recoil-vdom@file:../vdom":
  version "1.0.0"
  dependencies:
    recoil-atom "../atom"
    recoil-dom-dsl "../dom-dsl"
    recoil-util "../util"

rxjs@^7:
  version "7.5.6"
  resolved "https://registry.yarnpkg.com/rxjs/-/rxjs-7.5.6.tgz#0446577557862afd6903517ce7cae79ecb9662bc"
  integrity sha512-dnyv2/YsXhnm461G+R/Pe5bWP41Nm6LBXEYWI6eiFP4fiwx6WRI/CD0zbdVAudd9xwLEF2IDcKXLHit0FYjUzw==
  dependencies:
    tslib "^2.1.0"

tslib@^2.1.0:
  version "2.4.0"
  resolved "https://registry.yarnpkg.com/tslib/-/tslib-2.4.0.tgz#7cecaa7f073ce680a05847aa77be941098f36dc3"
  integrity sha512-d6xOpEDfsi2CZVlPQzGeux8XMwLT9hssAsaPYExaQMuYskwb+x1x7J371tWlbBdWHroy99KnVB6qIkUbs5X3UQ==

typescript-monads@^7.2.0:
  version "7.2.0"
  resolved "https://registry.yarnpkg.com/typescript-monads/-/typescript-monads-7.2.0.tgz#377e6c494737cf5834c4c4b4c4439bb4e90c34eb"
  integrity sha512-c/t80zo/ThAxn92pgSC2GPuTM6gr0ijpD+yAF6mv2EH7KvYoLL7lPvFHbxEPsv8utXU2i2+a/lyEtT/IL/JQ8g==
  optionalDependencies:
    rxjs "^7"
