# THIS IS AN AUTOGENERATED FILE. DO NOT EDIT THIS FILE DIRECTLY.
# yarn lockfile v1


atom@../atom:
  version "1.0.0"

recoil-atom@../atom:
  version "1.0.0"

recoil-util@../util:
  version "1.0.0"

recoil-vdom@../vdom:
  version "1.0.0"
  dependencies:
    atom "../atom"
    util "../util"

util@../util:
  version "1.0.0"
